
Microsoft Visual Studio Solution File, Format Version 12.00
# Visual Studio 15
VisualStudioVersion = 15.0.27130.0
MinimumVisualStudioVersion = 10.0.40219.1
Project("{FAE04EC0-301F-11D3-BF4B-00C04F79EFBC}") = "AdminLar", "PI 4º Semestre\AdminLar.csproj", "{204DD946-77DC-47B0-A3A9-E3E6302925C4}"
EndProject
Global
	GlobalSection(SolutionConfigurationPlatforms) = preSolution
		Debug|Any CPU = Debug|Any CPU
		Release|Any CPU = Release|Any CPU
	EndGlobalSection
	GlobalSection(ProjectConfigurationPlatforms) = postSolution
		{204DD946-77DC-47B0-A3A9-E3E6302925C4}.Debug|Any CPU.ActiveCfg = Debug|Any CPU
		{204DD946-77DC-47B0-A3A9-E3E6302925C4}.Debug|Any CPU.Build.0 = Debug|Any CPU
		{204DD946-77DC-47B0-A3A9-E3E6302925C4}.Release|Any CPU.ActiveCfg = Release|Any CPU
		{204DD946-77DC-47B0-A3A9-E3E6302925C4}.Release|Any CPU.Build.0 = Release|Any CPU
	EndGlobalSection
	GlobalSection(SolutionProperties) = preSolution
		HideSolutionNode = FALSE
	EndGlobalSection
	GlobalSection(ExtensibilityGlobals) = postSolution
		SolutionGuid = {25A0899F-A006-473E-82FB-F1E1CDFFA45C}
	EndGlobalSection
EndGlobal
